[[package]]
name = "certifi"
version = "2021.10.8"
description = "Python package for providing Mozilla's CA Bundle."
category = "main"
optional = false
python-versions = "*"

[[package]]
name = "pyproj"
version = "3.3.0"
description = "Python interface to PROJ (cartographic projections and coordinate transformations library)"
category = "main"
optional = false
python-versions = ">=3.8"

[package.dependencies]
certifi = "*"

[metadata]
lock-version = "1.1"
python-versions = "^3.9"
content-hash = "84b4669778abb2195a811c7d9379a615686c5fefe39c9c37ecb9feaaf4b04415"

[metadata.files]
certifi = [
    {file = "certifi-2021.10.8-py2.py3-none-any.whl", hash = "sha256:d62a0163eb4c2344ac042ab2bdf75399a71a2d8c7d47eac2e2ee91b9d6339569"},
    {file = "certifi-2021.10.8.tar.gz", hash = "sha256:78884e7c1d4b00ce3cea67b44566851c4343c120abd683433ce934a68ea58872"},
]
pyproj = [
    {file = "pyproj-3.3.0-cp310-cp310-macosx_10_9_universal2.whl", hash = "sha256:2c41c9b7b5e1a1b0acc2b7b2f5de65b226f7b96c870888e4f679ff96322b1ed0"},
    {file = "pyproj-3.3.0-cp310-cp310-manylinux_2_12_i686.manylinux2010_i686.whl", hash = "sha256:0e1fd560b509b722db6566fa9685252f25640e93464d09e13d5190ed7ab491ba"},
    {file = "pyproj-3.3.0-cp310-cp310-manylinux_2_12_x86_64.manylinux2010_x86_64.whl", hash = "sha256:277072176a17471c0b1d25d6cae75401d81e9b50ea625ba546f5b79acd757dfc"},
    {file = "pyproj-3.3.0-cp310-cp310-manylinux_2_17_aarch64.manylinux2014_aarch64.whl", hash = "sha256:eca8ecf2b6b3225d93c723e6a2f51143d9195ac407f69e979363cdde344b93bb"},
    {file = "pyproj-3.3.0-cp310-cp310-win32.whl", hash = "sha256:4d2fc49c73d9f34e932bf37926d56916ba1b6f2f693cd4d8cc1d0d9eacc0e537"},
    {file = "pyproj-3.3.0-cp310-cp310-win_amd64.whl", hash = "sha256:ce1adec823738e2d7c6af019fc38f58b4204bacfc782e4430373578c672f3833"},
    {file = "pyproj-3.3.0-cp38-cp38-macosx_10_9_x86_64.whl", hash = "sha256:e70a1ea6f198cace1a492397bdd0a46e640201120973293d6c48031e370d6a87"},
    {file = "pyproj-3.3.0-cp38-cp38-manylinux_2_12_i686.manylinux2010_i686.whl", hash = "sha256:99f171da5f885efeec8d7fb2e2557175ffa8834eeb488842b1f52ac78a9a98e5"},
    {file = "pyproj-3.3.0-cp38-cp38-manylinux_2_12_x86_64.manylinux2010_x86_64.whl", hash = "sha256:3d28b84913cd849832a8f154c0e0c2ee4618057f7389ee68bfdb2145e7ed78cc"},
    {file = "pyproj-3.3.0-cp38-cp38-manylinux_2_17_aarch64.manylinux2014_aarch64.whl", hash = "sha256:ab4baf781721640659db83a6b4da636fc403008f4978c668275754284c946778"},
    {file = "pyproj-3.3.0-cp38-cp38-win32.whl", hash = "sha256:4125e6704751d0e82d8d912d9851da097e8d38599d4c45f9944faaeb21771938"},
    {file = "pyproj-3.3.0-cp38-cp38-win_amd64.whl", hash = "sha256:b15e199c1da8fd132e11dfa68d8cf65d4812dedabc776b308df778ecd0d07658"},
    {file = "pyproj-3.3.0-cp39-cp39-macosx_10_9_x86_64.whl", hash = "sha256:fcceb6736085bf19291b707bc67c8cebe05330bd02268e9b8eba6d28a1905fce"},
    {file = "pyproj-3.3.0-cp39-cp39-manylinux_2_12_i686.manylinux2010_i686.whl", hash = "sha256:dbf479bd481774ad217e9db5674868eee8f01dfe3868f61753328895ae7da61a"},
    {file = "pyproj-3.3.0-cp39-cp39-manylinux_2_12_x86_64.manylinux2010_x86_64.whl", hash = "sha256:067a5c6099949edd66e9a10b139af4e2f65ebadb9f59583923a1d3feefac749a"},
    {file = "pyproj-3.3.0-cp39-cp39-manylinux_2_17_aarch64.manylinux2014_aarch64.whl", hash = "sha256:235b52d8700ffb6be1f3638b1e25d83a9c13edcdb793236d8a98fd39227c5c27"},
    {file = "pyproj-3.3.0-cp39-cp39-win32.whl", hash = "sha256:44b5590c0b8dd002154916e170ef88f57abf91005b34bcb23faef97abb4d42c2"},
    {file = "pyproj-3.3.0-cp39-cp39-win_amd64.whl", hash = "sha256:b48dd9e5736957707fce1d9253fb0772bcf80480198c7790e21fed73fee61240"},
    {file = "pyproj-3.3.0-pp38-pypy38_pp73-win_amd64.whl", hash = "sha256:5a105bfe37c78416d2641cd5d3368c99057d041f15f8d51ea3898953b21395c9"},
    {file = "pyproj-3.3.0.tar.gz", hash = "sha256:ce8bfbc212729e9a643f5f5d77f7a93394e032eda1e2d8799ae902d08add747e"},
]
